<?xml version="1.0" encoding="utf-8"?>
<Project ToolsVersion="4.0" xmlns="http://schemas.microsoft.com/developer/msbuild/2003">
  <ItemGroup>
    <Filter Include="Source Files">
      <UniqueIdentifier>{4FC737F1-C7A5-4376-A066-2A32D752A2FF}</UniqueIdentifier>
      <Extensions>cpp;c;cc;cxx;c++;cppm;ixx;def;odl;idl;hpj;bat;asm;asmx</Extensions>
    </Filter>
    <Filter Include="Header Files">
      <UniqueIdentifier>{93995380-89BD-4b04-88EB-625FBE52EBFB}</UniqueIdentifier>
      <Extensions>h;hh;hpp;hxx;hm;inl;inc;ipp;xsd</Extensions>
    </Filter>
    <Filter Include="External\jsoncpp">
      <UniqueIdentifier>{A1B2C3D4-E5F6-4789-9ABC-DEF012345678}</UniqueIdentifier>
    </Filter>
    <Filter Include="External\md4c">
      <UniqueIdentifier>{B2C3D4E5-F6A7-489B-AC0D-E1F234567890}</UniqueIdentifier>
    </Filter>
  </ItemGroup>
  <ItemGroup>
    <ClCompile Include="main.cpp">
      <Filter>Source Files</Filter>
    </ClCompile>
    <ClCompile Include="MainWindow.cpp">
      <Filter>Source Files</Filter>
    </ClCompile>
    <ClCompile Include="MainWindowCoordination.cpp">
      <Filter>Source Files</Filter>
    </ClCompile>
    <ClCompile Include="MainWindowAttachments.cpp">
      <Filter>Source Files</Filter>
    </ClCompile>
    <ClCompile Include="MainWindowBuildCapture.cpp">
      <Filter>Source Files</Filter>
    </ClCompile>
    <ClCompile Include="MainWindowChatSession.cpp">
      <Filter>Source Files</Filter>
    </ClCompile>
    <ClCompile Include="ChatSessionOps.cpp">
      <Filter>Source Files</Filter>
    </ClCompile>
    <ClCompile Include="Delegation.cpp">
      <Filter>Source Files</Filter>
    </ClCompile>
    <ClCompile Include="..\agent\lib\jsoncpp-master\src\lib_json\json_reader.cpp">
      <Filter>External\jsoncpp</Filter>
    </ClCompile>
    <ClCompile Include="..\agent\lib\jsoncpp-master\src\lib_json\json_value.cpp">
      <Filter>External\jsoncpp</Filter>
    </ClCompile>
    <ClCompile Include="..\agent\lib\jsoncpp-master\src\lib_json\json_writer.cpp">
      <Filter>External\jsoncpp</Filter>
    </ClCompile>
    <ClCompile Include="lib\md4c\md4c.c">
      <Filter>External\md4c</Filter>
    </ClCompile>
  </ItemGroup>
  <ItemGroup>
    <ClInclude Include="lib\md4c\md4c.h">
      <Filter>External\md4c</Filter>
    </ClInclude>
  </ItemGroup>
  <ItemGroup>
    <ClInclude Include="CConPTY.h">
      <Filter>Header Files</Filter>
    </ClInclude>
    <ClInclude Include="Utils.h">
      <Filter>Header Files</Filter>
    </ClInclude>
    <ClInclude Include="IClaudeBackend.h">
      <Filter>Header Files</Filter>
    </ClInclude>
    <ClInclude Include="ClaudeCliBackend.h">
      <Filter>Header Files</Filter>
    </ClInclude>
    <ClInclude Include="ClaudePrintBackend.h">
      <Filter>Header Files</Filter>
    </ClInclude>
    <ClInclude Include="OrangeView.h">
      <Filter>Header Files</Filter>
    </ClInclude>
    <ClInclude Include="StyledText.h">
      <Filter>Header Files</Filter>
    </ClInclude>
    <ClInclude Include="MarkdownParser.h">
      <Filter>Header Files</Filter>
    </ClInclude>
    <ClInclude Include="Persistence.h">
      <Filter>Header Files</Filter>
    </ClInclude>
    <ClInclude Include="Delegation.h">
      <Filter>Header Files</Filter>
    </ClInclude>
    <ClInclude Include="ChatSessionOps.h">
      <Filter>Header Files</Filter>
    </ClInclude>
  </ItemGroup>
</Project>
